
Microsoft Visual Studio Solution File, Format Version 12.00
# Visual Studio Version 17
VisualStudioVersion = 17.2.32630.192
MinimumVisualStudioVersion = 10.0.40219.1
Project("{FAE04EC0-301F-11D3-BF4B-00C04F79EFBC}") = "Guy", "Guy\Guy.csproj", "{6F6695F5-DC51-43CA-A48B-BE9C17764BC4}"
EndProject
Project("{FAE04EC0-301F-11D3-BF4B-00C04F79EFBC}") = "BL", "BL\BL.csproj", "{FBF3F249-43C0-49FF-8A6B-B4A86C3F5DE9}"
EndProject
Project("{FAE04EC0-301F-11D3-BF4B-00C04F79EFBC}") = "DAL", "DAL\DAL.csproj", "{47CDCCA4-92B8-429F-A347-A6C67CC4D8D5}"
EndProject
Global
	GlobalSection(SolutionConfigurationPlatforms) = preSolution
		Debug|Any CPU = Debug|Any CPU
		Release|Any CPU = Release|Any CPU
	EndGlobalSection
	GlobalSection(ProjectConfigurationPlatforms) = postSolution
		{6F6695F5-DC51-43CA-A48B-BE9C17764BC4}.Debug|Any CPU.ActiveCfg = Debug|Any CPU
		{6F6695F5-DC51-43CA-A48B-BE9C17764BC4}.Debug|Any CPU.Build.0 = Debug|Any CPU
		{6F6695F5-DC51-43CA-A48B-BE9C17764BC4}.Release|Any CPU.ActiveCfg = Release|Any CPU
		{6F6695F5-DC51-43CA-A48B-BE9C17764BC4}.Release|Any CPU.Build.0 = Release|Any CPU
		{FBF3F249-43C0-49FF-8A6B-B4A86C3F5DE9}.Debug|Any CPU.ActiveCfg = Debug|Any CPU
		{FBF3F249-43C0-49FF-8A6B-B4A86C3F5DE9}.Debug|Any CPU.Build.0 = Debug|Any CPU
		{FBF3F249-43C0-49FF-8A6B-B4A86C3F5DE9}.Release|Any CPU.ActiveCfg = Release|Any CPU
		{FBF3F249-43C0-49FF-8A6B-B4A86C3F5DE9}.Release|Any CPU.Build.0 = Release|Any CPU
		{47CDCCA4-92B8-429F-A347-A6C67CC4D8D5}.Debug|Any CPU.ActiveCfg = Debug|Any CPU
		{47CDCCA4-92B8-429F-A347-A6C67CC4D8D5}.Debug|Any CPU.Build.0 = Debug|Any CPU
		{47CDCCA4-92B8-429F-A347-A6C67CC4D8D5}.Release|Any CPU.ActiveCfg = Release|Any CPU
		{47CDCCA4-92B8-429F-A347-A6C67CC4D8D5}.Release|Any CPU.Build.0 = Release|Any CPU
	EndGlobalSection
	GlobalSection(SolutionProperties) = preSolution
		HideSolutionNode = FALSE
	EndGlobalSection
	GlobalSection(ExtensibilityGlobals) = postSolution
		SolutionGuid = {08DD723A-2706-4D07-96D1-8DC24A5F0874}
	EndGlobalSection
EndGlobal
